Microsoft Visual Studio Solution File, Format Version 12.00
# Visual Studio 15
VisualStudioVersion = 15.0.28010.2003
MinimumVisualStudioVersion = 10.0.40219.1
Project("{9A19103F-16F7-4668-BE54-9A1E7A4F7556}") = "assignment1", "assignment1\assignment1.csproj", "{076BD40D-E73D-46E2-B9DE-1951372BF849}"
EndProject
Project("{9A19103F-16F7-4668-BE54-9A1E7A4F7556}") = "assignment2", "assignment2\assignment2.csproj", "{FF510ABC-6868-4C4D-B934-57A799F4392A}"
EndProject
Project("{9A19103F-16F7-4668-BE54-9A1E7A4F7556}") = "assignment4", "assignment4\assignment4.csproj", "{EE4F570F-050F-4AEB-B94A-5CF9174CF174}"
EndProject
Project("{FAE04EC0-301F-11D3-BF4B-00C04F79EFBC}") = "assignment7", "assignment7\assignment7.csproj", "{17E9D8BC-C3E9-4584-8609-DD6508E7D34A}"
EndProject
Project("{FAE04EC0-301F-11D3-BF4B-00C04F79EFBC}") = "assignment6", "assignment6\assignment6.csproj", "{F40C3BC6-0EBF-4BEE-B145-8C6D9159C9ED}"
EndProject
Project("{FAE04EC0-301F-11D3-BF4B-00C04F79EFBC}") = "assignment5", "assignment5\assignment5.csproj", "{2F7BA72A-88B0-4827-BE3A-ED41E6C00BCD}"
EndProject
Global
	GlobalSection(SolutionConfigurationPlatforms) = preSolution
		Debug|Any CPU = Debug|Any CPU
		Release|Any CPU = Release|Any CPU
	EndGlobalSection
	GlobalSection(ProjectConfigurationPlatforms) = postSolution
		{076BD40D-E73D-46E2-B9DE-1951372BF849}.Debug|Any CPU.ActiveCfg = Debug|Any CPU
		{076BD40D-E73D-46E2-B9DE-1951372BF849}.Debug|Any CPU.Build.0 = Debug|Any CPU
		{076BD40D-E73D-46E2-B9DE-1951372BF849}.Release|Any CPU.ActiveCfg = Release|Any CPU
		{076BD40D-E73D-46E2-B9DE-1951372BF849}.Release|Any CPU.Build.0 = Release|Any CPU
		{FF510ABC-6868-4C4D-B934-57A799F4392A}.Debug|Any CPU.ActiveCfg = Debug|Any CPU
		{FF510ABC-6868-4C4D-B934-57A799F4392A}.Debug|Any CPU.Build.0 = Debug|Any CPU
		{FF510ABC-6868-4C4D-B934-57A799F4392A}.Release|Any CPU.ActiveCfg = Release|Any CPU
		{FF510ABC-6868-4C4D-B934-57A799F4392A}.Release|Any CPU.Build.0 = Release|Any CPU
		{EE4F570F-050F-4AEB-B94A-5CF9174CF174}.Debug|Any CPU.ActiveCfg = Debug|Any CPU
		{EE4F570F-050F-4AEB-B94A-5CF9174CF174}.Debug|Any CPU.Build.0 = Debug|Any CPU
		{EE4F570F-050F-4AEB-B94A-5CF9174CF174}.Release|Any CPU.ActiveCfg = Release|Any CPU
		{EE4F570F-050F-4AEB-B94A-5CF9174CF174}.Release|Any CPU.Build.0 = Release|Any CPU
		{17E9D8BC-C3E9-4584-8609-DD6508E7D34A}.Debug|Any CPU.ActiveCfg = Debug|Any CPU
		{17E9D8BC-C3E9-4584-8609-DD6508E7D34A}.Debug|Any CPU.Build.0 = Debug|Any CPU
		{17E9D8BC-C3E9-4584-8609-DD6508E7D34A}.Release|Any CPU.ActiveCfg = Release|Any CPU
		{17E9D8BC-C3E9-4584-8609-DD6508E7D34A}.Release|Any CPU.Build.0 = Release|Any CPU
		{F40C3BC6-0EBF-4BEE-B145-8C6D9159C9ED}.Debug|Any CPU.ActiveCfg = Debug|Any CPU
		{F40C3BC6-0EBF-4BEE-B145-8C6D9159C9ED}.Debug|Any CPU.Build.0 = Debug|Any CPU
		{F40C3BC6-0EBF-4BEE-B145-8C6D9159C9ED}.Release|Any CPU.ActiveCfg = Release|Any CPU
		{F40C3BC6-0EBF-4BEE-B145-8C6D9159C9ED}.Release|Any CPU.Build.0 = Release|Any CPU
		{2F7BA72A-88B0-4827-BE3A-ED41E6C00BCD}.Debug|Any CPU.ActiveCfg = Debug|Any CPU
		{2F7BA72A-88B0-4827-BE3A-ED41E6C00BCD}.Debug|Any CPU.Build.0 = Debug|Any CPU
		{2F7BA72A-88B0-4827-BE3A-ED41E6C00BCD}.Release|Any CPU.ActiveCfg = Release|Any CPU
		{2F7BA72A-88B0-4827-BE3A-ED41E6C00BCD}.Release|Any CPU.Build.0 = Release|Any CPU
	EndGlobalSection
	GlobalSection(SolutionProperties) = preSolution
		HideSolutionNode = FALSE
	EndGlobalSection
	GlobalSection(ExtensibilityGlobals) = postSolution
		SolutionGuid = {1DE18D18-34A5-408C-9E5A-274B162509A7}
	EndGlobalSection
EndGlobal
